// !$*UTF8*$!
{
	archiveVersion = 1;
	classes = {
	};
	objectVersion = 56;
	objects = {

/* Begin PBXBuildFile section */
		793F62302B04686D001C321D /* Music_PlayerApp.swift in Sources */ = {isa = PBXBuildFile; fileRef = 793F622F2B04686D001C321D /* Music_PlayerApp.swift */; };
		793F62322B04686D001C321D /* ContentView.swift in Sources */ = {isa = PBXBuildFile; fileRef = 793F62312B04686D001C321D /* ContentView.swift */; };
		793F62342B04686D001C321D /* Item.swift in Sources */ = {isa = PBXBuildFile; fileRef = 793F62332B04686D001C321D /* Item.swift */; };
		793F62362B046870001C321D /* Assets.xcassets in Resources */ = {isa = PBXBuildFile; fileRef = 793F62352B046870001C321D /* Assets.xcassets */; };
		793F62392B046870001C321D /* Preview Assets.xcassets in Resources */ = {isa = PBXBuildFile; fileRef = 793F62382B046870001C321D /* Preview Assets.xcassets */; };
		793F62442B046870001C321D /* Music_PlayerTests.swift in Sources */ = {isa = PBXBuildFile; fileRef = 793F62432B046870001C321D /* Music_PlayerTests.swift */; };
		793F624E2B046870001C321D /* Music_PlayerUITests.swift in Sources */ = {isa = PBXBuildFile; fileRef = 793F624D2B046870001C321D /* Music_PlayerUITests.swift */; };
		793F62502B046870001C321D /* Music_PlayerUITestsLaunchTests.swift in Sources */ = {isa = PBXBuildFile; fileRef = 793F624F2B046870001C321D /* Music_PlayerUITestsLaunchTests.swift */; };
		7953CF992B103106009FD61A /* AudioPlayer.swift in Sources */ = {isa = PBXBuildFile; fileRef = 7953CF982B103106009FD61A /* AudioPlayer.swift */; };
/* End PBXBuildFile section */

/* Begin PBXContainerItemProxy section */
		793F62402B046870001C321D /* PBXContainerItemProxy */ = {
			isa = PBXContainerItemProxy;
			containerPortal = 793F62242B04686D001C321D /* Project object */;
			proxyType = 1;
			remoteGlobalIDString = 793F622B2B04686D001C321D;
			remoteInfo = "Music Player";
		};
		793F624A2B046870001C321D /* PBXContainerItemProxy */ = {
			isa = PBXContainerItemProxy;
			containerPortal = 793F62242B04686D001C321D /* Project object */;
			proxyType = 1;
			remoteGlobalIDString = 793F622B2B04686D001C321D;
			remoteInfo = "Music Player";
		};
/* End PBXContainerItemProxy section */

/* Begin PBXFileReference section */
		793F622C2B04686D001C321D /* Music Player.app */ = {isa = PBXFileReference; explicitFileType = wrapper.application; includeInIndex = 0; path = "Music Player.app"; sourceTree = BUILT_PRODUCTS_DIR; };
		793F622F2B04686D001C321D /* Music_PlayerApp.swift */ = {isa = PBXFileReference; lastKnownFileType = sourcecode.swift; path = Music_PlayerApp.swift; sourceTree = "<group>"; };
		793F62312B04686D001C321D /* ContentView.swift */ = {isa = PBXFileReference; lastKnownFileType = sourcecode.swift; path = ContentView.swift; sourceTree = "<group>"; };
		793F62332B04686D001C321D /* Item.swift */ = {isa = PBXFileReference; lastKnownFileType = sourcecode.swift; path = Item.swift; sourceTree = "<group>"; };
		793F62352B046870001C321D /* Assets.xcassets */ = {isa = PBXFileReference; lastKnownFileType = folder.assetcatalog; path = Assets.xcassets; sourceTree = "<group>"; };
		793F62382B046870001C321D /* Preview Assets.xcassets */ = {isa = PBXFileReference; lastKnownFileType = folder.assetcatalog; path = "Preview Assets.xcassets"; sourceTree = "<group>"; };
		793F623A2B046870001C321D /* Music_Player.entitlements */ = {isa = PBXFileReference; lastKnownFileType = text.plist.entitlements; path = Music_Player.entitlements; sourceTree = "<group>"; };
		793F623F2B046870001C321D /* Music PlayerTests.xctest */ = {isa = PBXFileReference; explicitFileType = wrapper.cfbundle; includeInIndex = 0; path = "Music PlayerTests.xctest"; sourceTree = BUILT_PRODUCTS_DIR; };
		793F62432B046870001C321D /* Music_PlayerTests.swift */ = {isa = PBXFileReference; lastKnownFileType = sourcecode.swift; path = Music_PlayerTests.swift; sourceTree = "<group>"; };
		793F62492B046870001C321D /* Music PlayerUITests.xctest */ = {isa = PBXFileReference; explicitFileType = wrapper.cfbundle; includeInIndex = 0; path = "Music PlayerUITests.xctest"; sourceTree = BUILT_PRODUCTS_DIR; };
		793F624D2B046870001C321D /* Music_PlayerUITests.swift */ = {isa = PBXFileReference; lastKnownFileType = sourcecode.swift; path = Music_PlayerUITests.swift; sourceTree = "<group>"; };
		793F624F2B046870001C321D /* Music_PlayerUITestsLaunchTests.swift */ = {isa = PBXFileReference; lastKnownFileType = sourcecode.swift; path = Music_PlayerUITestsLaunchTests.swift; sourceTree = "<group>"; };
		793F625C2B046A1A001C321D /* Music-Player-Info.plist */ = {isa = PBXFileReference; lastKnownFileType = text.plist; path = "Music-Player-Info.plist"; sourceTree = SOURCE_ROOT; };
		7953CF982B103106009FD61A /* AudioPlayer.swift */ = {isa = PBXFileReference; fileEncoding = 4; lastKnownFileType = sourcecode.swift; path = AudioPlayer.swift; sourceTree = "<group>"; };
/* End PBXFileReference section */

/* Begin PBXFrameworksBuildPhase section */
		793F62292B04686D001C321D /* Frameworks */ = {
			isa = PBXFrameworksBuildPhase;
			buildActionMask = 2147483647;
			files = (
			);
			runOnlyForDeploymentPostprocessing = 0;
		};
		793F623C2B046870001C321D /* Frameworks */ = {
			isa = PBXFrameworksBuildPhase;
			buildActionMask = 2147483647;
			files = (
			);
			runOnlyForDeploymentPostprocessing = 0;
		};
		793F62462B046870001C321D /* Frameworks */ = {
			isa = PBXFrameworksBuildPhase;
			buildActionMask = 2147483647;
			files = (
			);
			runOnlyForDeploymentPostprocessing = 0;
		};
/* End PBXFrameworksBuildPhase section */

/* Begin PBXGroup section */
		793F62232B04686D001C321D = {
			isa = PBXGroup;
			children = (
				793F622E2B04686D001C321D /* Music Player */,
				793F62422B046870001C321D /* Music PlayerTests */,
				793F624C2B046870001C321D /* Music PlayerUITests */,
				793F622D2B04686D001C321D /* Products */,
			);
			sourceTree = "<group>";
		};
		793F622D2B04686D001C321D /* Products */ = {
			isa = PBXGroup;
			children = (
				793F622C2B04686D001C321D /* Music Player.app */,
				793F623F2B046870001C321D /* Music PlayerTests.xctest */,
				793F62492B046870001C321D /* Music PlayerUITests.xctest */,
			);
			name = Products;
			sourceTree = "<group>";
		};
		793F622E2B04686D001C321D /* Music Player */ = {
			isa = PBXGroup;
			children = (
				793F625C2B046A1A001C321D /* Music-Player-Info.plist */,
				793F622F2B04686D001C321D /* Music_PlayerApp.swift */,
				7953CF982B103106009FD61A /* AudioPlayer.swift */,
				793F62312B04686D001C321D /* ContentView.swift */,
				793F62332B04686D001C321D /* Item.swift */,
				793F62352B046870001C321D /* Assets.xcassets */,
				793F623A2B046870001C321D /* Music_Player.entitlements */,
				793F62372B046870001C321D /* Preview Content */,
			);
			path = "Music Player";
			sourceTree = "<group>";
		};
		793F62372B046870001C321D /* Preview Content */ = {
			isa = PBXGroup;
			children = (
				793F62382B046870001C321D /* Preview Assets.xcassets */,
			);
			path = "Preview Content";
			sourceTree = "<group>";
		};
		793F62422B046870001C321D /* Music PlayerTests */ = {
			isa = PBXGroup;
			children = (
				793F62432B046870001C321D /* Music_PlayerTests.swift */,
			);
			path = "Music PlayerTests";
			sourceTree = "<group>";
		};
		793F624C2B046870001C321D /* Music PlayerUITests */ = {
			isa = PBXGroup;
			children = (
				793F624D2B046870001C321D /* Music_PlayerUITests.swift */,
				793F624F2B046870001C321D /* Music_PlayerUITestsLaunchTests.swift */,
			);
			path = "Music PlayerUITests";
			sourceTree = "<group>";
		};
/* End PBXGroup section */

/* Begin PBXNativeTarget section */
		793F622B2B04686D001C321D /* Music Player */ = {
			isa = PBXNativeTarget;
			buildConfigurationList = 793F62532B046870001C321D /* Build configuration list for PBXNativeTarget "Music Player" */;
			buildPhases = (
				793F62282B04686D001C321D /* Sources */,
				793F62292B04686D001C321D /* Frameworks */,
				793F622A2B04686D001C321D /* Resources */,
			);
			buildRules = (
			);
			dependencies = (
			);
			name = "Music Player";
			productName = "Music Player";
			productReference = 793F622C2B04686D001C321D /* Music Player.app */;
			productType = "com.apple.product-type.application";
		};
		793F623E2B046870001C321D /* Music PlayerTests */ = {
			isa = PBXNativeTarget;
			buildConfigurationList = 793F62562B046870001C321D /* Build configuration list for PBXNativeTarget "Music PlayerTests" */;
			buildPhases = (
				793F623B2B046870001C321D /* Sources */,
				793F623C2B046870001C321D /* Frameworks */,
				793F623D2B046870001C321D /* Resources */,
			);
			buildRules = (
			);
			dependencies = (
				793F62412B046870001C321D /* PBXTargetDependency */,
			);
			name = "Music PlayerTests";
			productName = "Music PlayerTests";
			productReference = 793F623F2B046870001C321D /* Music PlayerTests.xctest */;
			productType = "com.apple.product-type.bundle.unit-test";
		};
		793F62482B046870001C321D /* Music PlayerUITests */ = {
			isa = PBXNativeTarget;
			buildConfigurationList = 793F62592B046870001C321D /* Build configuration list for PBXNativeTarget "Music PlayerUITests" */;
			buildPhases = (
				793F62452B046870001C321D /* Sources */,
				793F62462B046870001C321D /* Frameworks */,
				793F62472B046870001C321D /* Resources */,
			);
			buildRules = (
			);
			dependencies = (
				793F624B2B046870001C321D /* PBXTargetDependency */,
			);
			name = "Music PlayerUITests";
			productName = "Music PlayerUITests";
			productReference = 793F62492B046870001C321D /* Music PlayerUITests.xctest */;
			productType = "com.apple.product-type.bundle.ui-testing";
		};
/* End PBXNativeTarget section */

/* Begin PBXProject section */
		793F62242B04686D001C321D /* Project object */ = {
			isa = PBXProject;
			attributes = {
				BuildIndependentTargetsInParallel = 1;
				LastSwiftUpdateCheck = 1500;
				LastUpgradeCheck = 1500;
				TargetAttributes = {
					793F622B2B04686D001C321D = {
						CreatedOnToolsVersion = 15.0.1;
					};
					793F623E2B046870001C321D = {
						CreatedOnToolsVersion = 15.0.1;
						TestTargetID = 793F622B2B04686D001C321D;
					};
					793F62482B046870001C321D = {
						CreatedOnToolsVersion = 15.0.1;
						TestTargetID = 793F622B2B04686D001C321D;
					};
				};
			};
			buildConfigurationList = 793F62272B04686D001C321D /* Build configuration list for PBXProject "Music Player" */;
			compatibilityVersion = "Xcode 14.0";
			developmentRegion = en;
			hasScannedForEncodings = 0;
			knownRegions = (
				en,
				Base,
			);
			mainGroup = 793F62232B04686D001C321D;
			productRefGroup = 793F622D2B04686D001C321D /* Products */;
			projectDirPath = "";
			projectRoot = "";
			targets = (
				793F622B2B04686D001C321D /* Music Player */,
				793F623E2B046870001C321D /* Music PlayerTests */,
				793F62482B046870001C321D /* Music PlayerUITests */,
			);
		};
/* End PBXProject section */

/* Begin PBXResourcesBuildPhase section */
		793F622A2B04686D001C321D /* Resources */ = {
			isa = PBXResourcesBuildPhase;
			buildActionMask = 2147483647;
			files = (
				793F62392B046870001C321D /* Preview Assets.xcassets in Resources */,
				793F62362B046870001C321D /* Assets.xcassets in Resources */,
			);
			runOnlyForDeploymentPostprocessing = 0;
		};
		793F623D2B046870001C321D /* Resources */ = {
			isa = PBXResourcesBuildPhase;
			buildActionMask = 2147483647;
			files = (
			);
			runOnlyForDeploymentPostprocessing = 0;
		};
		793F62472B046870001C321D /* Resources */ = {
			isa = PBXResourcesBuildPhase;
			buildActionMask = 2147483647;
			files = (
			);
			runOnlyForDeploymentPostprocessing = 0;
		};
/* End PBXResourcesBuildPhase section */

/* Begin PBXSourcesBuildPhase section */
		793F62282B04686D001C321D /* Sources */ = {
			isa = PBXSourcesBuildPhase;
			buildActionMask = 2147483647;
			files = (
				793F62322B04686D001C321D /* ContentView.swift in Sources */,
				793F62342B04686D001C321D /* Item.swift in Sources */,
				793F62302B04686D001C321D /* Music_PlayerApp.swift in Sources */,
				7953CF992B103106009FD61A /* AudioPlayer.swift in Sources */,
			);
			runOnlyForDeploymentPostprocessing = 0;
		};
		793F623B2B046870001C321D /* Sources */ = {
			isa = PBXSourcesBuildPhase;
			buildActionMask = 2147483647;
			files = (
				793F62442B046870001C321D /* Music_PlayerTests.swift in Sources */,
			);
			runOnlyForDeploymentPostprocessing = 0;
		};
		793F62452B046870001C321D /* Sources */ = {
			isa = PBXSourcesBuildPhase;
			buildActionMask = 2147483647;
			files = (
				793F624E2B046870001C321D /* Music_PlayerUITests.swift in Sources */,
				793F62502B046870001C321D /* Music_PlayerUITestsLaunchTests.swift in Sources */,
			);
			runOnlyForDeploymentPostprocessing = 0;
		};
/* End PBXSourcesBuildPhase section */

/* Begin PBXTargetDependency section */
		793F62412B046870001C321D /* PBXTargetDependency */ = {
			isa = PBXTargetDependency;
			target = 793F622B2B04686D001C321D /* Music Player */;
			targetProxy = 793F62402B046870001C321D /* PBXContainerItemProxy */;
		};
		793F624B2B046870001C321D /* PBXTargetDependency */ = {
			isa = PBXTargetDependency;
			target = 793F622B2B04686D001C321D /* Music Player */;
			targetProxy = 793F624A2B046870001C321D /* PBXContainerItemProxy */;
		};
/* End PBXTargetDependency section */

/* Begin XCBuildConfiguration section */
		793F62512B046870001C321D /* Debug */ = {
			isa = XCBuildConfiguration;
			buildSettings = {
				ALWAYS_SEARCH_USER_PATHS = NO;
				ASSETCATALOG_COMPILER_GENERATE_SWIFT_ASSET_SYMBOL_EXTENSIONS = YES;
				CLANG_ANALYZER_NONNULL = YES;
				CLANG_ANALYZER_NUMBER_OBJECT_CONVERSION = YES_AGGRESSIVE;
				CLANG_CXX_LANGUAGE_STANDARD = "gnu++20";
				CLANG_ENABLE_MODULES = YES;
				CLANG_ENABLE_OBJC_ARC = YES;
				CLANG_ENABLE_OBJC_WEAK = YES;
				CLANG_WARN_BLOCK_CAPTURE_AUTORELEASING = YES;
				CLANG_WARN_BOOL_CONVERSION = YES;
				CLANG_WARN_COMMA = YES;
				CLANG_WARN_CONSTANT_CONVERSION = YES;
				CLANG_WARN_DEPRECATED_OBJC_IMPLEMENTATIONS = YES;
				CLANG_WARN_DIRECT_OBJC_ISA_USAGE = YES_ERROR;
				CLANG_WARN_DOCUMENTATION_COMMENTS = YES;
				CLANG_WARN_EMPTY_BODY = YES;
				CLANG_WARN_ENUM_CONVERSION = YES;
				CLANG_WARN_INFINITE_RECURSION = YES;
				CLANG_WARN_INT_CONVERSION = YES;
				CLANG_WARN_NON_LITERAL_NULL_CONVERSION = YES;
				CLANG_WARN_OBJC_IMPLICIT_RETAIN_SELF = YES;
				CLANG_WARN_OBJC_LITERAL_CONVERSION = YES;
				CLANG_WARN_OBJC_ROOT_CLASS = YES_ERROR;
				CLANG_WARN_QUOTED_INCLUDE_IN_FRAMEWORK_HEADER = YES;
				CLANG_WARN_RANGE_LOOP_ANALYSIS = YES;
				CLANG_WARN_STRICT_PROTOTYPES = YES;
				CLANG_WARN_SUSPICIOUS_MOVE = YES;
				CLANG_WARN_UNGUARDED_AVAILABILITY = YES_AGGRESSIVE;
				CLANG_WARN_UNREACHABLE_CODE = YES;
				CLANG_WARN__DUPLICATE_METHOD_MATCH = YES;
				COPY_PHASE_STRIP = NO;
				DEBUG_INFORMATION_FORMAT = dwarf;
				ENABLE_STRICT_OBJC_MSGSEND = YES;
				ENABLE_TESTABILITY = YES;
				ENABLE_USER_SCRIPT_SANDBOXING = YES;
				GCC_C_LANGUAGE_STANDARD = gnu17;
				GCC_DYNAMIC_NO_PIC = NO;
				GCC_NO_COMMON_BLOCKS = YES;
				GCC_OPTIMIZATION_LEVEL = 0;
				GCC_PREPROCESSOR_DEFINITIONS = (
					"DEBUG=1",
					"$(inherited)",
				);
				GCC_WARN_64_TO_32_BIT_CONVERSION = YES;
				GCC_WARN_ABOUT_RETURN_TYPE = YES_ERROR;
				GCC_WARN_UNDECLARED_SELECTOR = YES;
				GCC_WARN_UNINITIALIZED_AUTOS = YES_AGGRESSIVE;
				GCC_WARN_UNUSED_FUNCTION = YES;
				GCC_WARN_UNUSED_VARIABLE = YES;
				LOCALIZATION_PREFERS_STRING_CATALOGS = YES;
				MACOSX_DEPLOYMENT_TARGET = 14.0;
				MTL_ENABLE_DEBUG_INFO = INCLUDE_SOURCE;
				MTL_FAST_MATH = YES;
				ONLY_ACTIVE_ARCH = YES;
				SDKROOT = macosx;
				SWIFT_ACTIVE_COMPILATION_CONDITIONS = "DEBUG $(inherited)";
				SWIFT_OPTIMIZATION_LEVEL = "-Onone";
			};
			name = Debug;
		};
		793F62522B046870001C321D /* Release */ = {
			isa = XCBuildConfiguration;
			buildSettings = {
				ALWAYS_SEARCH_USER_PATHS = NO;
				ASSETCATALOG_COMPILER_GENERATE_SWIFT_ASSET_SYMBOL_EXTENSIONS = YES;
				CLANG_ANALYZER_NONNULL = YES;
				CLANG_ANALYZER_NUMBER_OBJECT_CONVERSION = YES_AGGRESSIVE;
				CLANG_CXX_LANGUAGE_STANDARD = "gnu++20";
				CLANG_ENABLE_MODULES = YES;
				CLANG_ENABLE_OBJC_ARC = YES;
				CLANG_ENABLE_OBJC_WEAK = YES;
				CLANG_WARN_BLOCK_CAPTURE_AUTORELEASING = YES;
				CLANG_WARN_BOOL_CONVERSION = YES;
				CLANG_WARN_COMMA = YES;
				CLANG_WARN_CONSTANT_CONVERSION = YES;
				CLANG_WARN_DEPRECATED_OBJC_IMPLEMENTATIONS = YES;
				CLANG_WARN_DIRECT_OBJC_ISA_USAGE = YES_ERROR;
				CLANG_WARN_DOCUMENTATION_COMMENTS = YES;
				CLANG_WARN_EMPTY_BODY = YES;
				CLANG_WARN_ENUM_CONVERSION = YES;
				CLANG_WARN_INFINITE_RECURSION = YES;
				CLANG_WARN_INT_CONVERSION = YES;
				CLANG_WARN_NON_LITERAL_NULL_CONVERSION = YES;
				CLANG_WARN_OBJC_IMPLICIT_RETAIN_SELF = YES;
				CLANG_WARN_OBJC_LITERAL_CONVERSION = YES;
				CLANG_WARN_OBJC_ROOT_CLASS = YES_ERROR;
				CLANG_WARN_QUOTED_INCLUDE_IN_FRAMEWORK_HEADER = YES;
				CLANG_WARN_RANGE_LOOP_ANALYSIS = YES;
				CLANG_WARN_STRICT_PROTOTYPES = YES;
				CLANG_WARN_SUSPICIOUS_MOVE = YES;
				CLANG_WARN_UNGUARDED_AVAILABILITY = YES_AGGRESSIVE;
				CLANG_WARN_UNREACHABLE_CODE = YES;
				CLANG_WARN__DUPLICATE_METHOD_MATCH = YES;
				COPY_PHASE_STRIP = NO;
				DEBUG_INFORMATION_FORMAT = "dwarf-with-dsym";
				ENABLE_NS_ASSERTIONS = NO;
				ENABLE_STRICT_OBJC_MSGSEND = YES;
				ENABLE_USER_SCRIPT_SANDBOXING = YES;
				GCC_C_LANGUAGE_STANDARD = gnu17;
				GCC_NO_COMMON_BLOCKS = YES;
				GCC_WARN_64_TO_32_BIT_CONVERSION = YES;
				GCC_WARN_ABOUT_RETURN_TYPE = YES_ERROR;
				GCC_WARN_UNDECLARED_SELECTOR = YES;
				GCC_WARN_UNINITIALIZED_AUTOS = YES_AGGRESSIVE;
				GCC_WARN_UNUSED_FUNCTION = YES;
				GCC_WARN_UNUSED_VARIABLE = YES;
				LOCALIZATION_PREFERS_STRING_CATALOGS = YES;
				MACOSX_DEPLOYMENT_TARGET = 14.0;
				MTL_ENABLE_DEBUG_INFO = NO;
				MTL_FAST_MATH = YES;
				SDKROOT = macosx;
				SWIFT_COMPILATION_MODE = wholemodule;
			};
			name = Release;
		};
		793F62542B046870001C321D /* Debug */ = {
			isa = XCBuildConfiguration;
			buildSettings = {
				ASSETCATALOG_COMPILER_APPICON_NAME = AppIcon;
				ASSETCATALOG_COMPILER_GLOBAL_ACCENT_COLOR_NAME = AccentColor;
				CODE_SIGN_ENTITLEMENTS = "Music Player/Music_Player.entitlements";
				"CODE_SIGN_IDENTITY[sdk=macosx*]" = "Apple Development";
				CODE_SIGN_STYLE = Automatic;
				COMBINE_HIDPI_IMAGES = YES;
				CURRENT_PROJECT_VERSION = 1;
				DEVELOPMENT_ASSET_PATHS = "\"Music Player/Preview Content\"";
				DEVELOPMENT_TEAM = FH7L2P5Y2P;
				ENABLE_PREVIEWS = YES;
				GENERATE_INFOPLIST_FILE = YES;
				INFOPLIST_FILE = "Music-Player-Info.plist";
				INFOPLIST_KEY_NSHumanReadableCopyright = "";
				LD_RUNPATH_SEARCH_PATHS = (
					"$(inherited)",
					"@executable_path/../Frameworks",
				);
				MACOSX_DEPLOYMENT_TARGET = 14.0;
				MARKETING_VERSION = 1.0;
				PRODUCT_BUNDLE_IDENTIFIER = "me.snowzen.Music-Player";
				PRODUCT_NAME = "$(TARGET_NAME)";
				SWIFT_EMIT_LOC_STRINGS = YES;
				SWIFT_VERSION = 5.0;
			};
			name = Debug;
		};
		793F62552B046870001C321D /* Release */ = {
			isa = XCBuildConfiguration;
			buildSettings = {
				ASSETCATALOG_COMPILER_APPICON_NAME = AppIcon;
				ASSETCATALOG_COMPILER_GLOBAL_ACCENT_COLOR_NAME = AccentColor;
				CODE_SIGN_ENTITLEMENTS = "Music Player/Music_Player.entitlements";
				"CODE_SIGN_IDENTITY[sdk=macosx*]" = "Apple Development";
				CODE_SIGN_STYLE = Automatic;
				COMBINE_HIDPI_IMAGES = YES;
				CURRENT_PROJECT_VERSION = 1;
				DEVELOPMENT_ASSET_PATHS = "\"Music Player/Preview Content\"";
				DEVELOPMENT_TEAM = FH7L2P5Y2P;
				ENABLE_PREVIEWS = YES;
				GENERATE_INFOPLIST_FILE = YES;
				INFOPLIST_FILE = "Music-Player-Info.plist";
				INFOPLIST_KEY_NSHumanReadableCopyright = "";
				LD_RUNPATH_SEARCH_PATHS = (
					"$(inherited)",
					"@executable_path/../Frameworks",
				);
				MACOSX_DEPLOYMENT_TARGET = 14.0;
				MARKETING_VERSION = 1.0;
				PRODUCT_BUNDLE_IDENTIFIER = "me.snowzen.Music-Player";
				PRODUCT_NAME = "$(TARGET_NAME)";
				SWIFT_EMIT_LOC_STRINGS = YES;
				SWIFT_VERSION = 5.0;
			};
			name = Release;
		};
		793F62572B046870001C321D /* Debug */ = {
			isa = XCBuildConfiguration;
			buildSettings = {
				ALWAYS_EMBED_SWIFT_STANDARD_LIBRARIES = YES;
				BUNDLE_LOADER = "$(TEST_HOST)";
				CODE_SIGN_STYLE = Automatic;
				CURRENT_PROJECT_VERSION = 1;
				GENERATE_INFOPLIST_FILE = YES;
				MACOSX_DEPLOYMENT_TARGET = 14.0;
				MARKETING_VERSION = 1.0;
				PRODUCT_BUNDLE_IDENTIFIER = "me.snowzen.Music-PlayerTests";
				PRODUCT_NAME = "$(TARGET_NAME)";
				SWIFT_EMIT_LOC_STRINGS = NO;
				SWIFT_VERSION = 5.0;
				TEST_HOST = "$(BUILT_PRODUCTS_DIR)/Music Player.app/$(BUNDLE_EXECUTABLE_FOLDER_PATH)/Music Player";
			};
			name = Debug;
		};
		793F62582B046870001C321D /* Release */ = {
			isa = XCBuildConfiguration;
			buildSettings = {
				ALWAYS_EMBED_SWIFT_STANDARD_LIBRARIES = YES;
				BUNDLE_LOADER = "$(TEST_HOST)";
				CODE_SIGN_STYLE = Automatic;
				CURRENT_PROJECT_VERSION = 1;
				GENERATE_INFOPLIST_FILE = YES;
				MACOSX_DEPLOYMENT_TARGET = 14.0;
				MARKETING_VERSION = 1.0;
				PRODUCT_BUNDLE_IDENTIFIER = "me.snowzen.Music-PlayerTests";
				PRODUCT_NAME = "$(TARGET_NAME)";
				SWIFT_EMIT_LOC_STRINGS = NO;
				SWIFT_VERSION = 5.0;
				TEST_HOST = "$(BUILT_PRODUCTS_DIR)/Music Player.app/$(BUNDLE_EXECUTABLE_FOLDER_PATH)/Music Player";
			};
			name = Release;
		};
		793F625A2B046870001C321D /* Debug */ = {
			isa = XCBuildConfiguration;
			buildSettings = {
				ALWAYS_EMBED_SWIFT_STANDARD_LIBRARIES = YES;
				CODE_SIGN_STYLE = Automatic;
				CURRENT_PROJECT_VERSION = 1;
				GENERATE_INFOPLIST_FILE = YES;
				MARKETING_VERSION = 1.0;
				PRODUCT_BUNDLE_IDENTIFIER = "me.snowzen.Music-PlayerUITests";
				PRODUCT_NAME = "$(TARGET_NAME)";
				SWIFT_EMIT_LOC_STRINGS = NO;
				SWIFT_VERSION = 5.0;
				TEST_TARGET_NAME = "Music Player";
			};
			name = Debug;
		};
		793F625B2B046870001C321D /* Release */ = {
			isa = XCBuildConfiguration;
			buildSettings = {
				ALWAYS_EMBED_SWIFT_STANDARD_LIBRARIES = YES;
				CODE_SIGN_STYLE = Automatic;
				CURRENT_PROJECT_VERSION = 1;
				GENERATE_INFOPLIST_FILE = YES;
				MARKETING_VERSION = 1.0;
				PRODUCT_BUNDLE_IDENTIFIER = "me.snowzen.Music-PlayerUITests";
				PRODUCT_NAME = "$(TARGET_NAME)";
				SWIFT_EMIT_LOC_STRINGS = NO;
				SWIFT_VERSION = 5.0;
				TEST_TARGET_NAME = "Music Player";
			};
			name = Release;
		};
/* End XCBuildConfiguration section */

/* Begin XCConfigurationList section */
		793F62272B04686D001C321D /* Build configuration list for PBXProject "Music Player" */ = {
			isa = XCConfigurationList;
			buildConfigurations = (
				793F62512B046870001C321D /* Debug */,
				793F62522B046870001C321D /* Release */,
			);
			defaultConfigurationIsVisible = 0;
			defaultConfigurationName = Release;
		};
		793F62532B046870001C321D /* Build configuration list for PBXNativeTarget "Music Player" */ = {
			isa = XCConfigurationList;
			buildConfigurations = (
				793F62542B046870001C321D /* Debug */,
				793F62552B046870001C321D /* Release */,
			);
			defaultConfigurationIsVisible = 0;
			defaultConfigurationName = Release;
		};
		793F62562B046870001C321D /* Build configuration list for PBXNativeTarget "Music PlayerTests" */ = {
			isa = XCConfigurationList;
			buildConfigurations = (
				793F62572B046870001C321D /* Debug */,
				793F62582B046870001C321D /* Release */,
			);
			defaultConfigurationIsVisible = 0;
			defaultConfigurationName = Release;
		};
		793F62592B046870001C321D /* Build configuration list for PBXNativeTarget "Music PlayerUITests" */ = {
			isa = XCConfigurationList;
			buildConfigurations = (
				793F625A2B046870001C321D /* Debug */,
				793F625B2B046870001C321D /* Release */,
			);
			defaultConfigurationIsVisible = 0;
			defaultConfigurationName = Release;
		};
/* End XCConfigurationList section */
	};
	rootObject = 793F62242B04686D001C321D /* Project object */;
}
